hash: 7f12b1c0183f45f94e5a987d852ecab4267a1b6929e17e7abd17bba01f983507
updated: 2017-06-13T12:54:13.615629753+02:00
imports:
- name: github.com/bborbe/cron
  version: 807a2c6a298ae10a1c35f7f26815284599c6a622
- name: github.com/bborbe/flagenv
  version: 4bf10dbe62f41ce40353a70225a84decfd16d3ac
- name: github.com/bborbe/http
  version: 0af97ef0fa27c72d7ad65a5e3a15ec1aebcfe695
  subpackages:
  - client_builder
  - mock
- name: github.com/bborbe/http_handler
  version: f37455a4839fe130897a0d375d1e7cdf60b06774
  subpackages:
  - error
  - json
- name: github.com/bborbe/io
  version: 8c22cf733cf166b247318b0786eec0c7cad9208a
  subpackages:
  - util
- name: github.com/bborbe/lock
  version: ac57be166a1c39f4555dc7f865b35b84d7807549
- name: github.com/bborbe/stringutil
  version: 5bad1563d440e94f52a86cc502606af8233b587b
- name: github.com/facebookgo/clock
  version: 600d898af40aa09a7a93ecb9265d87b0504b6f03
- name: github.com/facebookgo/grace
  version: 4afe952a37a495ae4ac0c1d4ce5f66e91058d149
  subpackages:
  - gracehttp
  - gracenet
- name: github.com/facebookgo/httpdown
  version: a3b1354551a26449fbe05f5d855937f6e7acbd71
- name: github.com/facebookgo/stats
  version: 1b76add642e42c6ffba7211ad7b3939ce654526e
- name: github.com/golang/glog
  version: 23def4e6c14b4da8ac2ed8007337bc5eb5007998
testImports:
- name: github.com/bborbe/assert
  version: 2448f69a8cb98ee9e5744f678477959100ceb9d4
