# This file is autogenerated, do not edit; changes may be undone by the next 'dep ensure'.


[[projects]]
  branch = "master"
  name = "github.com/bborbe/assert"
  packages = ["."]
  revision = "765570a0aaf5913880d33fee2dd7e4c52b294021"

[[projects]]
  branch = "master"
  name = "github.com/bborbe/cron"
  packages = ["."]
  revision = "8ce6ceefc29dac25e7723a37acad92c317a51a9b"

[[projects]]
  branch = "master"
  name = "github.com/bborbe/flagenv"
  packages = ["."]
  revision = "587926a26b10e5abceadb6b863527d7662581a87"

[[projects]]
  branch = "master"
  name = "github.com/bborbe/http"
  packages = [
    "client_builder",
    "mock"
  ]
  revision = "b783a5e87f98911552ef543db3624f3ce52d79c1"

[[projects]]
  branch = "master"
  name = "github.com/bborbe/http_handler"
  packages = [
    "error",
    "json"
  ]
  revision = "6bc0de354fca9a13177217df55a32e4e2ba0715f"

[[projects]]
  branch = "master"
  name = "github.com/bborbe/io"
  packages = ["util"]
  revision = "8c22cf733cf166b247318b0786eec0c7cad9208a"

[[projects]]
  branch = "master"
  name = "github.com/bborbe/lock"
  packages = ["."]
  revision = "ac57be166a1c39f4555dc7f865b35b84d7807549"

[[projects]]
  branch = "master"
  name = "github.com/bborbe/stringutil"
  packages = ["."]
  revision = "d6d523bfec331240cd99d5c192e05f974be1c656"

[[projects]]
  branch = "master"
  name = "github.com/facebookgo/clock"
  packages = ["."]
  revision = "600d898af40aa09a7a93ecb9265d87b0504b6f03"

[[projects]]
  branch = "master"
  name = "github.com/facebookgo/grace"
  packages = [
    "gracehttp",
    "gracenet"
  ]
  revision = "4afe952a37a495ae4ac0c1d4ce5f66e91058d149"

[[projects]]
  branch = "master"
  name = "github.com/facebookgo/httpdown"
  packages = ["."]
  revision = "a3b1354551a26449fbe05f5d855937f6e7acbd71"

[[projects]]
  branch = "master"
  name = "github.com/facebookgo/stats"
  packages = ["."]
  revision = "1b76add642e42c6ffba7211ad7b3939ce654526e"

[[projects]]
  branch = "master"
  name = "github.com/golang/glog"
  packages = ["."]
  revision = "23def4e6c14b4da8ac2ed8007337bc5eb5007998"

[[projects]]
  branch = "master"
  name = "github.com/hashicorp/errwrap"
  packages = ["."]
  revision = "7554cd9344cec97297fa6649b055a8c98c2a1e55"

[[projects]]
  branch = "master"
  name = "github.com/hashicorp/go-multierror"
  packages = ["."]
  revision = "b7773ae218740a7be65057fc60b366a49b538a44"

[[projects]]
  name = "github.com/robfig/cron"
  packages = ["."]
  revision = "b41be1df696709bb6395fe435af20370037c0b4c"
  version = "v1.1"

[solve-meta]
  analyzer-name = "dep"
  analyzer-version = 1
  inputs-digest = "0f0efc40d5f829b6e9566f67001b9eaacfe0f9212c8297d3dce4b265b5c4d6e1"
  solver-name = "gps-cdcl"
  solver-version = 1
